
Microsoft Visual Studio Solution File, Format Version 12.00
# Visual Studio Version 17
VisualStudioVersion = 17.14.36408.4
MinimumVisualStudioVersion = 10.0.40219.1
Project("{FAE04EC0-301F-11D3-BF4B-00C04F79EFBC}") = "FactChecker", "FactChecker.csproj", "{4823F6DB-ED2B-4F3B-B3C4-C778546A7289}"
EndProject
Project("{FAE04EC0-301F-11D3-BF4B-00C04F79EFBC}") = "FactChecker.Tests", "FactChecker.Tests\FactChecker.Tests.csproj", "{8134D6D1-7BD8-4F16-8C17-0CF6D1AA6363}"
EndProject
Global
	GlobalSection(SolutionConfigurationPlatforms) = preSolution
		Debug|Any CPU = Debug|Any CPU
		Debug|x64 = Debug|x64
		Debug|x86 = Debug|x86
		Release|Any CPU = Release|Any CPU
		Release|x64 = Release|x64
		Release|x86 = Release|x86
	EndGlobalSection
	GlobalSection(ProjectConfigurationPlatforms) = postSolution
		{4823F6DB-ED2B-4F3B-B3C4-C778546A7289}.Debug|Any CPU.ActiveCfg = Debug|Any CPU
		{4823F6DB-ED2B-4F3B-B3C4-C778546A7289}.Debug|Any CPU.Build.0 = Debug|Any CPU
		{4823F6DB-ED2B-4F3B-B3C4-C778546A7289}.Debug|x64.ActiveCfg = Debug|Any CPU
		{4823F6DB-ED2B-4F3B-B3C4-C778546A7289}.Debug|x64.Build.0 = Debug|Any CPU
		{4823F6DB-ED2B-4F3B-B3C4-C778546A7289}.Debug|x86.ActiveCfg = Debug|Any CPU
		{4823F6DB-ED2B-4F3B-B3C4-C778546A7289}.Debug|x86.Build.0 = Debug|Any CPU
		{4823F6DB-ED2B-4F3B-B3C4-C778546A7289}.Release|Any CPU.ActiveCfg = Release|Any CPU
		{4823F6DB-ED2B-4F3B-B3C4-C778546A7289}.Release|Any CPU.Build.0 = Release|Any CPU
		{4823F6DB-ED2B-4F3B-B3C4-C778546A7289}.Release|x64.ActiveCfg = Release|Any CPU
		{4823F6DB-ED2B-4F3B-B3C4-C778546A7289}.Release|x64.Build.0 = Release|Any CPU
		{4823F6DB-ED2B-4F3B-B3C4-C778546A7289}.Release|x86.ActiveCfg = Release|Any CPU
		{4823F6DB-ED2B-4F3B-B3C4-C778546A7289}.Release|x86.Build.0 = Release|Any CPU
		{8134D6D1-7BD8-4F16-8C17-0CF6D1AA6363}.Debug|Any CPU.ActiveCfg = Debug|Any CPU
		{8134D6D1-7BD8-4F16-8C17-0CF6D1AA6363}.Debug|Any CPU.Build.0 = Debug|Any CPU
		{8134D6D1-7BD8-4F16-8C17-0CF6D1AA6363}.Debug|x64.ActiveCfg = Debug|Any CPU
		{8134D6D1-7BD8-4F16-8C17-0CF6D1AA6363}.Debug|x64.Build.0 = Debug|Any CPU
		{8134D6D1-7BD8-4F16-8C17-0CF6D1AA6363}.Debug|x86.ActiveCfg = Debug|Any CPU
		{8134D6D1-7BD8-4F16-8C17-0CF6D1AA6363}.Debug|x86.Build.0 = Debug|Any CPU
		{8134D6D1-7BD8-4F16-8C17-0CF6D1AA6363}.Release|Any CPU.ActiveCfg = Release|Any CPU
		{8134D6D1-7BD8-4F16-8C17-0CF6D1AA6363}.Release|Any CPU.Build.0 = Release|Any CPU
		{8134D6D1-7BD8-4F16-8C17-0CF6D1AA6363}.Release|x64.ActiveCfg = Release|Any CPU
		{8134D6D1-7BD8-4F16-8C17-0CF6D1AA6363}.Release|x64.Build.0 = Release|Any CPU
		{8134D6D1-7BD8-4F16-8C17-0CF6D1AA6363}.Release|x86.ActiveCfg = Release|Any CPU
		{8134D6D1-7BD8-4F16-8C17-0CF6D1AA6363}.Release|x86.Build.0 = Release|Any CPU
	EndGlobalSection
	GlobalSection(SolutionProperties) = preSolution
		HideSolutionNode = FALSE
	EndGlobalSection
	GlobalSection(ExtensibilityGlobals) = postSolution
		SolutionGuid = {45F2CAED-5F70-40FF-9F7F-1CB2F48154B4}
	EndGlobalSection
EndGlobal
